# This file was autogenerated by Stack.
# You should not edit this file by hand.
# For more information, please see the documentation at:
#   https://docs.haskellstack.org/en/stable/lock_files

packages:
- completed:
    hackage: tls-1.9.0@sha256:8ad332dc0224decb1b137bf6c9678b4f786487b9aaa5c9068cd3ad19d42c39a7,5571
    pantry-tree:
      sha256: 91d022739795013aad4d5fee48ff5248623ed4cc83a611c9aa7c52e21766221b
      size: 4897
  original:
    hackage: tls-1.9.0@sha256:8ad332dc0224decb1b137bf6c9678b4f786487b9aaa5c9068cd3ad19d42c39a7,5571
snapshots:
- completed:
    sha256: 2d580e973dc1a5ff70cd2bb1248613f835829b38eed5db5dafc3615a22cb1bcd
    size: 679292
    url: https://raw.githubusercontent.com/commercialhaskell/stackage-snapshots/master/lts/23/5.yaml
  original: lts-23.5
